
Microsoft Visual Studio Solution File, Format Version 12.00
# Visual Studio 2013
VisualStudioVersion = 12.0.30501.0
MinimumVisualStudioVersion = 10.0.40219.1
Project("{FAE04EC0-301F-11D3-BF4B-00C04F79EFBC}") = "RingByteBuffer", "RingByteBuffer.csproj", "{AC576C01-44F5-4A45-9B81-5AFFDC748A6F}"
EndProject
Global
	GlobalSection(SolutionConfigurationPlatforms) = preSolution
		Debug|Any CPU = Debug|Any CPU
		Release|Any CPU = Release|Any CPU
		ReleaseWithUnsafe|Any CPU = ReleaseWithUnsafe|Any CPU
	EndGlobalSection
	GlobalSection(ProjectConfigurationPlatforms) = postSolution
		{AC576C01-44F5-4A45-9B81-5AFFDC748A6F}.Debug|Any CPU.ActiveCfg = Debug|Any CPU
		{AC576C01-44F5-4A45-9B81-5AFFDC748A6F}.Debug|Any CPU.Build.0 = Debug|Any CPU
		{AC576C01-44F5-4A45-9B81-5AFFDC748A6F}.Release|Any CPU.ActiveCfg = Release|Any CPU
		{AC576C01-44F5-4A45-9B81-5AFFDC748A6F}.Release|Any CPU.Build.0 = Release|Any CPU
		{AC576C01-44F5-4A45-9B81-5AFFDC748A6F}.ReleaseWithUnsafe|Any CPU.ActiveCfg = ReleaseWithUnsafe|Any CPU
		{AC576C01-44F5-4A45-9B81-5AFFDC748A6F}.ReleaseWithUnsafe|Any CPU.Build.0 = ReleaseWithUnsafe|Any CPU
	EndGlobalSection
	GlobalSection(SolutionProperties) = preSolution
		HideSolutionNode = FALSE
	EndGlobalSection
	GlobalSection(MonoDevelopProperties) = preSolution
		StartupItem = RingByteBuffer.csproj
		version = 1.2
	EndGlobalSection
EndGlobal
