
Microsoft Visual Studio Solution File, Format Version 11.00
# Visual Studio 2010
Project("{FAE04EC0-301F-11D3-BF4B-00C04F79EFBC}") = "RingByteBuffer", "RingByteBuffer.csproj", "{AC576C01-44F5-4A45-9B81-5AFFDC748A6F}"
EndProject
Global
	GlobalSection(SolutionConfigurationPlatforms) = preSolution
		Debug|Any CPU = Debug|Any CPU
		Release|Any CPU = Release|Any CPU
	EndGlobalSection
	GlobalSection(ProjectConfigurationPlatforms) = postSolution
		{AC576C01-44F5-4A45-9B81-5AFFDC748A6F}.Debug|Any CPU.ActiveCfg = Debug|Any CPU
		{AC576C01-44F5-4A45-9B81-5AFFDC748A6F}.Debug|Any CPU.Build.0 = Debug|Any CPU
		{AC576C01-44F5-4A45-9B81-5AFFDC748A6F}.Release|Any CPU.ActiveCfg = Release|Any CPU
		{AC576C01-44F5-4A45-9B81-5AFFDC748A6F}.Release|Any CPU.Build.0 = Release|Any CPU
	EndGlobalSection
	GlobalSection(MonoDevelopProperties) = preSolution
		StartupItem = RingByteBuffer.csproj
		version = 1.0
	EndGlobalSection
EndGlobal
